
Microsoft Visual Studio Solution File, Format Version 12.00
# Visual Studio 14
VisualStudioVersion = 14.0.23107.0
MinimumVisualStudioVersion = 10.0.40219.1
Project("{FAE04EC0-301F-11D3-BF4B-00C04F79EFBC}") = "array length", "array length\array length.csproj", "{DCC7E73A-C5EF-47BE-914C-91F05EABADA9}"
EndProject
Global
	GlobalSection(SolutionConfigurationPlatforms) = preSolution
		Debug|Any CPU = Debug|Any CPU
		Release|Any CPU = Release|Any CPU
	EndGlobalSection
	GlobalSection(ProjectConfigurationPlatforms) = postSolution
		{DCC7E73A-C5EF-47BE-914C-91F05EABADA9}.Debug|Any CPU.ActiveCfg = Debug|Any CPU
		{DCC7E73A-C5EF-47BE-914C-91F05EABADA9}.Debug|Any CPU.Build.0 = Debug|Any CPU
		{DCC7E73A-C5EF-47BE-914C-91F05EABADA9}.Release|Any CPU.ActiveCfg = Release|Any CPU
		{DCC7E73A-C5EF-47BE-914C-91F05EABADA9}.Release|Any CPU.Build.0 = Release|Any CPU
	EndGlobalSection
	GlobalSection(SolutionProperties) = preSolution
		HideSolutionNode = FALSE
	EndGlobalSection
EndGlobal
